
Microsoft Visual Studio Solution File, Format Version 12.00
# Visual Studio Version 16
VisualStudioVersion = 16.0.29505.145
MinimumVisualStudioVersion = 10.0.40219.1
Project("{9A19103F-16F7-4668-BE54-9A1E7A4F7556}") = "Lab_01_test", "Lab_01_test\Lab_01_test.csproj", "{D39EA573-8785-4833-A216-06F0AF96B959}"
EndProject
Project("{9A19103F-16F7-4668-BE54-9A1E7A4F7556}") = "Lab_002_OOP_With_Interfaces", "Lab_002_OOP_With_Interfaces\Lab_002_OOP_With_Interfaces.csproj", "{F2D09CF7-9F2A-49E8-BD87-B4A379A647F3}"
EndProject
Project("{9A19103F-16F7-4668-BE54-9A1E7A4F7556}") = "Lab_003_OOP_All_Features", "Lab_003_OOP_All_Features\Lab_003_OOP_All_Features.csproj", "{CBC59997-7167-46C5-BD0F-AF4D7CD93796}"
EndProject
Project("{FAE04EC0-301F-11D3-BF4B-00C04F79EFBC}") = "Lab_004_ConnectToRawSQL", "Lab_004_ConnectToRawSQL\Lab_004_ConnectToRawSQL.csproj", "{BAD2DE49-D0A2-4128-AF32-FEAF8893119C}"
EndProject
Project("{9A19103F-16F7-4668-BE54-9A1E7A4F7556}") = "Labs_005_CRUD_App_RawSQL", "Labs_005_CRUD_App_RawSQL\Labs_005_CRUD_App_RawSQL.csproj", "{249D5110-9009-495E-9FC6-4B6071B00250}"
EndProject
Project("{9A19103F-16F7-4668-BE54-9A1E7A4F7556}") = "Labs_006_Rabbits_Init_100", "Labs_006_Rabbits_Init_100\Labs_006_Rabbits_Init_100.csproj", "{24387BCF-135F-49DD-90CB-8C86D07F99C1}"
EndProject
Project("{9A19103F-16F7-4668-BE54-9A1E7A4F7556}") = "Lab_007_NorthwindSQLite", "Lab_007_NorthwindSQLite\Lab_007_NorthwindSQLite.csproj", "{93840EEE-B040-4F57-B968-134C594BABFD}"
EndProject
Project("{9A19103F-16F7-4668-BE54-9A1E7A4F7556}") = "Lab_008_TDD_Collections", "Lab_008_TDD_Collections\Lab_008_TDD_Collections.csproj", "{2A449576-06B0-4583-8265-824470801AA4}"
EndProject
Project("{9A19103F-16F7-4668-BE54-9A1E7A4F7556}") = "NUnit_Test", "NUnit_Test\NUnit_Test.csproj", "{7E33B8C1-55B1-44EA-8468-B352FCDAA79D}"
EndProject
Project("{9A19103F-16F7-4668-BE54-9A1E7A4F7556}") = "Lab_009_Rabbit_Test", "Lab_009_Rabbit_Test\Lab_009_Rabbit_Test.csproj", "{BF3CD054-174E-40EB-A279-5C31A6BCC726}"
EndProject
Project("{2150E333-8FDC-42A3-9474-1A3956D46DE8}") = "Solution Items", "Solution Items", "{97C5DDE7-400C-44A9-A786-CDDE866D67B4}"
	ProjectSection(SolutionItems) = preProject
		.editorconfig = .editorconfig
	EndProjectSection
EndProject
Project("{9A19103F-16F7-4668-BE54-9A1E7A4F7556}") = "Labs_010_Events", "Labs_010_Events\Labs_010_Events.csproj", "{AF1FA8D3-5ACF-4909-A12B-4B2060DD654E}"
EndProject
Project("{9A19103F-16F7-4668-BE54-9A1E7A4F7556}") = "Lab_011_Delegates", "Lab_011_Delegates\Lab_011_Delegates.csproj", "{7A4CA2D5-1CE6-406E-B6A0-5DED02253721}"
EndProject
Project("{9A19103F-16F7-4668-BE54-9A1E7A4F7556}") = "Labs_012_OOP_Events", "Labs_012_OOP_Events\Labs_012_OOP_Events.csproj", "{D1C3EA6F-55B9-486A-A821-931210BBDF2C}"
EndProject
Project("{FAE04EC0-301F-11D3-BF4B-00C04F79EFBC}") = "Lab_013_WPF_ToDo_App", "Lab_013_WPF_ToDo_App\Lab_013_WPF_ToDo_App.csproj", "{87B09BB9-42F0-427D-97AA-97D04E053F13}"
EndProject
Project("{9A19103F-16F7-4668-BE54-9A1E7A4F7556}") = "Lab_014_LINQ", "Lab_014_LINQ\Lab_014_LINQ.csproj", "{3B03DDE3-D11D-4343-A48F-823094E6EB68}"
EndProject
Project("{9A19103F-16F7-4668-BE54-9A1E7A4F7556}") = "Lab_015_Tasks", "Lab_015_Tasks\Lab_015_Tasks.csproj", "{80053E1A-1D01-44F5-936C-DC873479ED08}"
EndProject
Project("{FAE04EC0-301F-11D3-BF4B-00C04F79EFBC}") = "Labs_016_Tasks", "Labs_016_Tasks\Labs_016_Tasks.csproj", "{C55028A1-3886-408A-BE5C-1567783567FB}"
EndProject
Global
	GlobalSection(SolutionConfigurationPlatforms) = preSolution
		Debug|Any CPU = Debug|Any CPU
		Release|Any CPU = Release|Any CPU
	EndGlobalSection
	GlobalSection(ProjectConfigurationPlatforms) = postSolution
		{D39EA573-8785-4833-A216-06F0AF96B959}.Debug|Any CPU.ActiveCfg = Debug|Any CPU
		{D39EA573-8785-4833-A216-06F0AF96B959}.Debug|Any CPU.Build.0 = Debug|Any CPU
		{D39EA573-8785-4833-A216-06F0AF96B959}.Release|Any CPU.ActiveCfg = Release|Any CPU
		{D39EA573-8785-4833-A216-06F0AF96B959}.Release|Any CPU.Build.0 = Release|Any CPU
		{F2D09CF7-9F2A-49E8-BD87-B4A379A647F3}.Debug|Any CPU.ActiveCfg = Debug|Any CPU
		{F2D09CF7-9F2A-49E8-BD87-B4A379A647F3}.Debug|Any CPU.Build.0 = Debug|Any CPU
		{F2D09CF7-9F2A-49E8-BD87-B4A379A647F3}.Release|Any CPU.ActiveCfg = Release|Any CPU
		{F2D09CF7-9F2A-49E8-BD87-B4A379A647F3}.Release|Any CPU.Build.0 = Release|Any CPU
		{CBC59997-7167-46C5-BD0F-AF4D7CD93796}.Debug|Any CPU.ActiveCfg = Debug|Any CPU
		{CBC59997-7167-46C5-BD0F-AF4D7CD93796}.Debug|Any CPU.Build.0 = Debug|Any CPU
		{CBC59997-7167-46C5-BD0F-AF4D7CD93796}.Release|Any CPU.ActiveCfg = Release|Any CPU
		{CBC59997-7167-46C5-BD0F-AF4D7CD93796}.Release|Any CPU.Build.0 = Release|Any CPU
		{BAD2DE49-D0A2-4128-AF32-FEAF8893119C}.Debug|Any CPU.ActiveCfg = Debug|Any CPU
		{BAD2DE49-D0A2-4128-AF32-FEAF8893119C}.Debug|Any CPU.Build.0 = Debug|Any CPU
		{BAD2DE49-D0A2-4128-AF32-FEAF8893119C}.Release|Any CPU.ActiveCfg = Release|Any CPU
		{BAD2DE49-D0A2-4128-AF32-FEAF8893119C}.Release|Any CPU.Build.0 = Release|Any CPU
		{249D5110-9009-495E-9FC6-4B6071B00250}.Debug|Any CPU.ActiveCfg = Debug|Any CPU
		{249D5110-9009-495E-9FC6-4B6071B00250}.Debug|Any CPU.Build.0 = Debug|Any CPU
		{249D5110-9009-495E-9FC6-4B6071B00250}.Release|Any CPU.ActiveCfg = Release|Any CPU
		{249D5110-9009-495E-9FC6-4B6071B00250}.Release|Any CPU.Build.0 = Release|Any CPU
		{24387BCF-135F-49DD-90CB-8C86D07F99C1}.Debug|Any CPU.ActiveCfg = Debug|Any CPU
		{24387BCF-135F-49DD-90CB-8C86D07F99C1}.Debug|Any CPU.Build.0 = Debug|Any CPU
		{24387BCF-135F-49DD-90CB-8C86D07F99C1}.Release|Any CPU.ActiveCfg = Release|Any CPU
		{24387BCF-135F-49DD-90CB-8C86D07F99C1}.Release|Any CPU.Build.0 = Release|Any CPU
		{93840EEE-B040-4F57-B968-134C594BABFD}.Debug|Any CPU.ActiveCfg = Debug|Any CPU
		{93840EEE-B040-4F57-B968-134C594BABFD}.Debug|Any CPU.Build.0 = Debug|Any CPU
		{93840EEE-B040-4F57-B968-134C594BABFD}.Release|Any CPU.ActiveCfg = Release|Any CPU
		{93840EEE-B040-4F57-B968-134C594BABFD}.Release|Any CPU.Build.0 = Release|Any CPU
		{2A449576-06B0-4583-8265-824470801AA4}.Debug|Any CPU.ActiveCfg = Debug|Any CPU
		{2A449576-06B0-4583-8265-824470801AA4}.Debug|Any CPU.Build.0 = Debug|Any CPU
		{2A449576-06B0-4583-8265-824470801AA4}.Release|Any CPU.ActiveCfg = Release|Any CPU
		{2A449576-06B0-4583-8265-824470801AA4}.Release|Any CPU.Build.0 = Release|Any CPU
		{7E33B8C1-55B1-44EA-8468-B352FCDAA79D}.Debug|Any CPU.ActiveCfg = Debug|Any CPU
		{7E33B8C1-55B1-44EA-8468-B352FCDAA79D}.Debug|Any CPU.Build.0 = Debug|Any CPU
		{7E33B8C1-55B1-44EA-8468-B352FCDAA79D}.Release|Any CPU.ActiveCfg = Release|Any CPU
		{7E33B8C1-55B1-44EA-8468-B352FCDAA79D}.Release|Any CPU.Build.0 = Release|Any CPU
		{BF3CD054-174E-40EB-A279-5C31A6BCC726}.Debug|Any CPU.ActiveCfg = Debug|Any CPU
		{BF3CD054-174E-40EB-A279-5C31A6BCC726}.Debug|Any CPU.Build.0 = Debug|Any CPU
		{BF3CD054-174E-40EB-A279-5C31A6BCC726}.Release|Any CPU.ActiveCfg = Release|Any CPU
		{BF3CD054-174E-40EB-A279-5C31A6BCC726}.Release|Any CPU.Build.0 = Release|Any CPU
		{AF1FA8D3-5ACF-4909-A12B-4B2060DD654E}.Debug|Any CPU.ActiveCfg = Debug|Any CPU
		{AF1FA8D3-5ACF-4909-A12B-4B2060DD654E}.Debug|Any CPU.Build.0 = Debug|Any CPU
		{AF1FA8D3-5ACF-4909-A12B-4B2060DD654E}.Release|Any CPU.ActiveCfg = Release|Any CPU
		{AF1FA8D3-5ACF-4909-A12B-4B2060DD654E}.Release|Any CPU.Build.0 = Release|Any CPU
		{7A4CA2D5-1CE6-406E-B6A0-5DED02253721}.Debug|Any CPU.ActiveCfg = Debug|Any CPU
		{7A4CA2D5-1CE6-406E-B6A0-5DED02253721}.Debug|Any CPU.Build.0 = Debug|Any CPU
		{7A4CA2D5-1CE6-406E-B6A0-5DED02253721}.Release|Any CPU.ActiveCfg = Release|Any CPU
		{7A4CA2D5-1CE6-406E-B6A0-5DED02253721}.Release|Any CPU.Build.0 = Release|Any CPU
		{D1C3EA6F-55B9-486A-A821-931210BBDF2C}.Debug|Any CPU.ActiveCfg = Debug|Any CPU
		{D1C3EA6F-55B9-486A-A821-931210BBDF2C}.Debug|Any CPU.Build.0 = Debug|Any CPU
		{D1C3EA6F-55B9-486A-A821-931210BBDF2C}.Release|Any CPU.ActiveCfg = Release|Any CPU
		{D1C3EA6F-55B9-486A-A821-931210BBDF2C}.Release|Any CPU.Build.0 = Release|Any CPU
		{87B09BB9-42F0-427D-97AA-97D04E053F13}.Debug|Any CPU.ActiveCfg = Debug|Any CPU
		{87B09BB9-42F0-427D-97AA-97D04E053F13}.Debug|Any CPU.Build.0 = Debug|Any CPU
		{87B09BB9-42F0-427D-97AA-97D04E053F13}.Release|Any CPU.ActiveCfg = Release|Any CPU
		{87B09BB9-42F0-427D-97AA-97D04E053F13}.Release|Any CPU.Build.0 = Release|Any CPU
		{3B03DDE3-D11D-4343-A48F-823094E6EB68}.Debug|Any CPU.ActiveCfg = Debug|Any CPU
		{3B03DDE3-D11D-4343-A48F-823094E6EB68}.Debug|Any CPU.Build.0 = Debug|Any CPU
		{3B03DDE3-D11D-4343-A48F-823094E6EB68}.Release|Any CPU.ActiveCfg = Release|Any CPU
		{3B03DDE3-D11D-4343-A48F-823094E6EB68}.Release|Any CPU.Build.0 = Release|Any CPU
		{80053E1A-1D01-44F5-936C-DC873479ED08}.Debug|Any CPU.ActiveCfg = Debug|Any CPU
		{80053E1A-1D01-44F5-936C-DC873479ED08}.Debug|Any CPU.Build.0 = Debug|Any CPU
		{80053E1A-1D01-44F5-936C-DC873479ED08}.Release|Any CPU.ActiveCfg = Release|Any CPU
		{80053E1A-1D01-44F5-936C-DC873479ED08}.Release|Any CPU.Build.0 = Release|Any CPU
		{C55028A1-3886-408A-BE5C-1567783567FB}.Debug|Any CPU.ActiveCfg = Release|Any CPU
		{C55028A1-3886-408A-BE5C-1567783567FB}.Debug|Any CPU.Build.0 = Release|Any CPU
		{C55028A1-3886-408A-BE5C-1567783567FB}.Release|Any CPU.ActiveCfg = Release|Any CPU
		{C55028A1-3886-408A-BE5C-1567783567FB}.Release|Any CPU.Build.0 = Release|Any CPU
	EndGlobalSection
	GlobalSection(SolutionProperties) = preSolution
		HideSolutionNode = FALSE
	EndGlobalSection
	GlobalSection(ExtensibilityGlobals) = postSolution
		SolutionGuid = {C4742592-2233-4307-B70D-A6131445ADCD}
	EndGlobalSection
EndGlobal
